// !$*UTF8*$!
{
	archiveVersion = 1;
	classes = {
	};
	objectVersion = 55;
	objects = {

/* Begin PBXBuildFile section */
		6268BF8628C8E2D3002312CF /* Set_1_0App.swift in Sources */ = {isa = PBXBuildFile; fileRef = 6268BF7728C8E2D3002312CF /* Set_1_0App.swift */; };
		6268BF8728C8E2D3002312CF /* Set_1_0App.swift in Sources */ = {isa = PBXBuildFile; fileRef = 6268BF7728C8E2D3002312CF /* Set_1_0App.swift */; };
		6268BF8828C8E2D3002312CF /* ContentView.swift in Sources */ = {isa = PBXBuildFile; fileRef = 6268BF7828C8E2D3002312CF /* ContentView.swift */; };
		6268BF8928C8E2D3002312CF /* ContentView.swift in Sources */ = {isa = PBXBuildFile; fileRef = 6268BF7828C8E2D3002312CF /* ContentView.swift */; };
		6268BF8A28C8E2D3002312CF /* Assets.xcassets in Resources */ = {isa = PBXBuildFile; fileRef = 6268BF7928C8E2D3002312CF /* Assets.xcassets */; };
		6268BF8B28C8E2D3002312CF /* Assets.xcassets in Resources */ = {isa = PBXBuildFile; fileRef = 6268BF7928C8E2D3002312CF /* Assets.xcassets */; };
		628A0A4F28957AAB009BFF76 /* AspectVGrid.swift in Sources */ = {isa = PBXBuildFile; fileRef = 628A0A4E28957AAB009BFF76 /* AspectVGrid.swift */; };
		62D2BBB72893FED600D4118C /* SetApp.swift in Sources */ = {isa = PBXBuildFile; fileRef = 62D2BBB62893FED600D4118C /* SetApp.swift */; };
		62D2BBB92893FED600D4118C /* SetGameView.swift in Sources */ = {isa = PBXBuildFile; fileRef = 62D2BBB82893FED600D4118C /* SetGameView.swift */; };
		62D2BBBB2893FED700D4118C /* Assets.xcassets in Resources */ = {isa = PBXBuildFile; fileRef = 62D2BBBA2893FED700D4118C /* Assets.xcassets */; };
		62D2BBBE2893FED700D4118C /* Preview Assets.xcassets in Resources */ = {isa = PBXBuildFile; fileRef = 62D2BBBD2893FED700D4118C /* Preview Assets.xcassets */; };
		62D2BBC52893FF1600D4118C /* SetGame.swift in Sources */ = {isa = PBXBuildFile; fileRef = 62D2BBC42893FF1600D4118C /* SetGame.swift */; };
		62D2BBC72893FFD000D4118C /* CardSetGame.swift in Sources */ = {isa = PBXBuildFile; fileRef = 62D2BBC62893FFD000D4118C /* CardSetGame.swift */; };
/* End PBXBuildFile section */

/* Begin PBXFileReference section */
		6268BF7728C8E2D3002312CF /* Set_1_0App.swift */ = {isa = PBXFileReference; lastKnownFileType = sourcecode.swift; path = Set_1_0App.swift; sourceTree = "<group>"; };
		6268BF7828C8E2D3002312CF /* ContentView.swift */ = {isa = PBXFileReference; lastKnownFileType = sourcecode.swift; path = ContentView.swift; sourceTree = "<group>"; };
		6268BF7928C8E2D3002312CF /* Assets.xcassets */ = {isa = PBXFileReference; lastKnownFileType = folder.assetcatalog; path = Assets.xcassets; sourceTree = "<group>"; };
		6268BF7E28C8E2D3002312CF /* Set 1.0.app */ = {isa = PBXFileReference; explicitFileType = wrapper.application; includeInIndex = 0; path = "Set 1.0.app"; sourceTree = BUILT_PRODUCTS_DIR; };
		6268BF8328C8E2D3002312CF /* Set 1.0.app */ = {isa = PBXFileReference; explicitFileType = wrapper.application; includeInIndex = 0; path = "Set 1.0.app"; sourceTree = BUILT_PRODUCTS_DIR; };
		6268BF8528C8E2D3002312CF /* macOS.entitlements */ = {isa = PBXFileReference; lastKnownFileType = text.plist.entitlements; path = macOS.entitlements; sourceTree = "<group>"; };
		628A0A4E28957AAB009BFF76 /* AspectVGrid.swift */ = {isa = PBXFileReference; lastKnownFileType = sourcecode.swift; path = AspectVGrid.swift; sourceTree = SOURCE_ROOT; };
		62C8D83B28C8DFA600AD4292 /* Info.plist */ = {isa = PBXFileReference; lastKnownFileType = text.plist; path = Info.plist; sourceTree = "<group>"; };
		62D2BBB32893FED600D4118C /* Set.app */ = {isa = PBXFileReference; explicitFileType = wrapper.application; includeInIndex = 0; path = Set.app; sourceTree = BUILT_PRODUCTS_DIR; };
		62D2BBB62893FED600D4118C /* SetApp.swift */ = {isa = PBXFileReference; lastKnownFileType = sourcecode.swift; path = SetApp.swift; sourceTree = "<group>"; };
		62D2BBB82893FED600D4118C /* SetGameView.swift */ = {isa = PBXFileReference; lastKnownFileType = sourcecode.swift; path = SetGameView.swift; sourceTree = "<group>"; };
		62D2BBBA2893FED700D4118C /* Assets.xcassets */ = {isa = PBXFileReference; lastKnownFileType = folder.assetcatalog; path = Assets.xcassets; sourceTree = "<group>"; };
		62D2BBBD2893FED700D4118C /* Preview Assets.xcassets */ = {isa = PBXFileReference; lastKnownFileType = folder.assetcatalog; path = "Preview Assets.xcassets"; sourceTree = "<group>"; };
		62D2BBC42893FF1600D4118C /* SetGame.swift */ = {isa = PBXFileReference; lastKnownFileType = sourcecode.swift; path = SetGame.swift; sourceTree = "<group>"; };
		62D2BBC62893FFD000D4118C /* CardSetGame.swift */ = {isa = PBXFileReference; lastKnownFileType = sourcecode.swift; path = CardSetGame.swift; sourceTree = "<group>"; };
/* End PBXFileReference section */

/* Begin PBXFrameworksBuildPhase section */
		6268BF7B28C8E2D3002312CF /* Frameworks */ = {
			isa = PBXFrameworksBuildPhase;
			buildActionMask = 2147483647;
			files = (
			);
			runOnlyForDeploymentPostprocessing = 0;
		};
		6268BF8028C8E2D3002312CF /* Frameworks */ = {
			isa = PBXFrameworksBuildPhase;
			buildActionMask = 2147483647;
			files = (
			);
			runOnlyForDeploymentPostprocessing = 0;
		};
		62D2BBB02893FED600D4118C /* Frameworks */ = {
			isa = PBXFrameworksBuildPhase;
			buildActionMask = 2147483647;
			files = (
			);
			runOnlyForDeploymentPostprocessing = 0;
		};
/* End PBXFrameworksBuildPhase section */

/* Begin PBXGroup section */
		6268BF7628C8E2D3002312CF /* Shared */ = {
			isa = PBXGroup;
			children = (
				6268BF7728C8E2D3002312CF /* Set_1_0App.swift */,
				6268BF7828C8E2D3002312CF /* ContentView.swift */,
				6268BF7928C8E2D3002312CF /* Assets.xcassets */,
			);
			path = Shared;
			sourceTree = "<group>";
		};
		6268BF8428C8E2D3002312CF /* macOS */ = {
			isa = PBXGroup;
			children = (
				6268BF8528C8E2D3002312CF /* macOS.entitlements */,
			);
			path = macOS;
			sourceTree = "<group>";
		};
		62D2BBAA2893FED600D4118C = {
			isa = PBXGroup;
			children = (
				62D2BBB52893FED600D4118C /* Set */,
				6268BF7628C8E2D3002312CF /* Shared */,
				6268BF8428C8E2D3002312CF /* macOS */,
				62D2BBB42893FED600D4118C /* Products */,
			);
			sourceTree = "<group>";
		};
		62D2BBB42893FED600D4118C /* Products */ = {
			isa = PBXGroup;
			children = (
				62D2BBB32893FED600D4118C /* Set.app */,
				6268BF7E28C8E2D3002312CF /* Set 1.0.app */,
				6268BF8328C8E2D3002312CF /* Set 1.0.app */,
			);
			name = Products;
			sourceTree = "<group>";
		};
		62D2BBB52893FED600D4118C /* Set */ = {
			isa = PBXGroup;
			children = (
				62C8D83B28C8DFA600AD4292 /* Info.plist */,
				628A0A4E28957AAB009BFF76 /* AspectVGrid.swift */,
				62D2BBB62893FED600D4118C /* SetApp.swift */,
				62D2BBB82893FED600D4118C /* SetGameView.swift */,
				62D2BBC42893FF1600D4118C /* SetGame.swift */,
				62D2BBC62893FFD000D4118C /* CardSetGame.swift */,
				62D2BBBA2893FED700D4118C /* Assets.xcassets */,
				62D2BBBC2893FED700D4118C /* Preview Content */,
			);
			path = Set;
			sourceTree = "<group>";
		};
		62D2BBBC2893FED700D4118C /* Preview Content */ = {
			isa = PBXGroup;
			children = (
				62D2BBBD2893FED700D4118C /* Preview Assets.xcassets */,
			);
			path = "Preview Content";
			sourceTree = "<group>";
		};
/* End PBXGroup section */

/* Begin PBXNativeTarget section */
		6268BF7D28C8E2D3002312CF /* Set 1.0 (iOS) */ = {
			isa = PBXNativeTarget;
			buildConfigurationList = 6268BF9028C8E2D3002312CF /* Build configuration list for PBXNativeTarget "Set 1.0 (iOS)" */;
			buildPhases = (
				6268BF7A28C8E2D3002312CF /* Sources */,
				6268BF7B28C8E2D3002312CF /* Frameworks */,
				6268BF7C28C8E2D3002312CF /* Resources */,
			);
			buildRules = (
			);
			dependencies = (
			);
			name = "Set 1.0 (iOS)";
			productName = "Set 1.0 (iOS)";
			productReference = 6268BF7E28C8E2D3002312CF /* Set 1.0.app */;
			productType = "com.apple.product-type.application";
		};
		6268BF8228C8E2D3002312CF /* Set 1.0 (macOS) */ = {
			isa = PBXNativeTarget;
			buildConfigurationList = 6268BF9128C8E2D3002312CF /* Build configuration list for PBXNativeTarget "Set 1.0 (macOS)" */;
			buildPhases = (
				6268BF7F28C8E2D3002312CF /* Sources */,
				6268BF8028C8E2D3002312CF /* Frameworks */,
				6268BF8128C8E2D3002312CF /* Resources */,
			);
			buildRules = (
			);
			dependencies = (
			);
			name = "Set 1.0 (macOS)";
			productName = "Set 1.0 (macOS)";
			productReference = 6268BF8328C8E2D3002312CF /* Set 1.0.app */;
			productType = "com.apple.product-type.application";
		};
		62D2BBB22893FED600D4118C /* Set */ = {
			isa = PBXNativeTarget;
			buildConfigurationList = 62D2BBC12893FED700D4118C /* Build configuration list for PBXNativeTarget "Set" */;
			buildPhases = (
				62D2BBAF2893FED600D4118C /* Sources */,
				62D2BBB02893FED600D4118C /* Frameworks */,
				62D2BBB12893FED600D4118C /* Resources */,
			);
			buildRules = (
			);
			dependencies = (
			);
			name = Set;
			productName = Set;
			productReference = 62D2BBB32893FED600D4118C /* Set.app */;
			productType = "com.apple.product-type.application";
		};
/* End PBXNativeTarget section */

/* Begin PBXProject section */
		62D2BBAB2893FED600D4118C /* Project object */ = {
			isa = PBXProject;
			attributes = {
				BuildIndependentTargetsInParallel = 1;
				LastSwiftUpdateCheck = 1340;
				LastUpgradeCheck = 1340;
				TargetAttributes = {
					6268BF7D28C8E2D3002312CF = {
						CreatedOnToolsVersion = 13.4.1;
					};
					6268BF8228C8E2D3002312CF = {
						CreatedOnToolsVersion = 13.4.1;
					};
					62D2BBB22893FED600D4118C = {
						CreatedOnToolsVersion = 13.4.1;
					};
				};
			};
			buildConfigurationList = 62D2BBAE2893FED600D4118C /* Build configuration list for PBXProject "Set" */;
			compatibilityVersion = "Xcode 13.0";
			developmentRegion = en;
			hasScannedForEncodings = 0;
			knownRegions = (
				en,
				Base,
			);
			mainGroup = 62D2BBAA2893FED600D4118C;
			productRefGroup = 62D2BBB42893FED600D4118C /* Products */;
			projectDirPath = "";
			projectRoot = "";
			targets = (
				62D2BBB22893FED600D4118C /* Set */,
				6268BF7D28C8E2D3002312CF /* Set 1.0 (iOS) */,
				6268BF8228C8E2D3002312CF /* Set 1.0 (macOS) */,
			);
		};
/* End PBXProject section */

/* Begin PBXResourcesBuildPhase section */
		6268BF7C28C8E2D3002312CF /* Resources */ = {
			isa = PBXResourcesBuildPhase;
			buildActionMask = 2147483647;
			files = (
				6268BF8A28C8E2D3002312CF /* Assets.xcassets in Resources */,
			);
			runOnlyForDeploymentPostprocessing = 0;
		};
		6268BF8128C8E2D3002312CF /* Resources */ = {
			isa = PBXResourcesBuildPhase;
			buildActionMask = 2147483647;
			files = (
				6268BF8B28C8E2D3002312CF /* Assets.xcassets in Resources */,
			);
			runOnlyForDeploymentPostprocessing = 0;
		};
		62D2BBB12893FED600D4118C /* Resources */ = {
			isa = PBXResourcesBuildPhase;
			buildActionMask = 2147483647;
			files = (
				62D2BBBE2893FED700D4118C /* Preview Assets.xcassets in Resources */,
				62D2BBBB2893FED700D4118C /* Assets.xcassets in Resources */,
			);
			runOnlyForDeploymentPostprocessing = 0;
		};
/* End PBXResourcesBuildPhase section */

/* Begin PBXSourcesBuildPhase section */
		6268BF7A28C8E2D3002312CF /* Sources */ = {
			isa = PBXSourcesBuildPhase;
			buildActionMask = 2147483647;
			files = (
				6268BF8828C8E2D3002312CF /* ContentView.swift in Sources */,
				6268BF8628C8E2D3002312CF /* Set_1_0App.swift in Sources */,
			);
			runOnlyForDeploymentPostprocessing = 0;
		};
		6268BF7F28C8E2D3002312CF /* Sources */ = {
			isa = PBXSourcesBuildPhase;
			buildActionMask = 2147483647;
			files = (
				6268BF8928C8E2D3002312CF /* ContentView.swift in Sources */,
				6268BF8728C8E2D3002312CF /* Set_1_0App.swift in Sources */,
			);
			runOnlyForDeploymentPostprocessing = 0;
		};
		62D2BBAF2893FED600D4118C /* Sources */ = {
			isa = PBXSourcesBuildPhase;
			buildActionMask = 2147483647;
			files = (
				62D2BBC72893FFD000D4118C /* CardSetGame.swift in Sources */,
				62D2BBB92893FED600D4118C /* SetGameView.swift in Sources */,
				62D2BBC52893FF1600D4118C /* SetGame.swift in Sources */,
				628A0A4F28957AAB009BFF76 /* AspectVGrid.swift in Sources */,
				62D2BBB72893FED600D4118C /* SetApp.swift in Sources */,
			);
			runOnlyForDeploymentPostprocessing = 0;
		};
/* End PBXSourcesBuildPhase section */

/* Begin XCBuildConfiguration section */
		6268BF8C28C8E2D3002312CF /* Debug */ = {
			isa = XCBuildConfiguration;
			buildSettings = {
				ASSETCATALOG_COMPILER_APPICON_NAME = AppIcon;
				ASSETCATALOG_COMPILER_GLOBAL_ACCENT_COLOR_NAME = AccentColor;
				CODE_SIGN_STYLE = Automatic;
				CURRENT_PROJECT_VERSION = 1;
				DEVELOPMENT_TEAM = 8GV7R695JL;
				ENABLE_PREVIEWS = YES;
				GENERATE_INFOPLIST_FILE = YES;
				INFOPLIST_KEY_UIApplicationSceneManifest_Generation = YES;
				INFOPLIST_KEY_UIApplicationSupportsIndirectInputEvents = YES;
				INFOPLIST_KEY_UILaunchScreen_Generation = YES;
				INFOPLIST_KEY_UISupportedInterfaceOrientations_iPad = "UIInterfaceOrientationPortrait UIInterfaceOrientationPortraitUpsideDown UIInterfaceOrientationLandscapeLeft UIInterfaceOrientationLandscapeRight";
				INFOPLIST_KEY_UISupportedInterfaceOrientations_iPhone = "UIInterfaceOrientationPortrait UIInterfaceOrientationLandscapeLeft UIInterfaceOrientationLandscapeRight";
				IPHONEOS_DEPLOYMENT_TARGET = 15.5;
				LD_RUNPATH_SEARCH_PATHS = (
					"$(inherited)",
					"@executable_path/Frameworks",
				);
				MARKETING_VERSION = 1.0;
				PRODUCT_BUNDLE_IDENTIFIER = "ac.tau.avishays.Set-1-0";
				PRODUCT_NAME = "Set 1.0";
				SDKROOT = iphoneos;
				SWIFT_EMIT_LOC_STRINGS = YES;
				SWIFT_VERSION = 5.0;
				TARGETED_DEVICE_FAMILY = "1,2";
			};
			name = Debug;
		};
		6268BF8D28C8E2D3002312CF /* Release */ = {
			isa = XCBuildConfiguration;
			buildSettings = {
				ASSETCATALOG_COMPILER_APPICON_NAME = AppIcon;
				ASSETCATALOG_COMPILER_GLOBAL_ACCENT_COLOR_NAME = AccentColor;
				CODE_SIGN_STYLE = Automatic;
				CURRENT_PROJECT_VERSION = 1;
				DEVELOPMENT_TEAM = 8GV7R695JL;
				ENABLE_PREVIEWS = YES;
				GENERATE_INFOPLIST_FILE = YES;
				INFOPLIST_KEY_UIApplicationSceneManifest_Generation = YES;
				INFOPLIST_KEY_UIApplicationSupportsIndirectInputEvents = YES;
				INFOPLIST_KEY_UILaunchScreen_Generation = YES;
				INFOPLIST_KEY_UISupportedInterfaceOrientations_iPad = "UIInterfaceOrientationPortrait UIInterfaceOrientationPortraitUpsideDown UIInterfaceOrientationLandscapeLeft UIInterfaceOrientationLandscapeRight";
				INFOPLIST_KEY_UISupportedInterfaceOrientations_iPhone = "UIInterfaceOrientationPortrait UIInterfaceOrientationLandscapeLeft UIInterfaceOrientationLandscapeRight";
				IPHONEOS_DEPLOYMENT_TARGET = 15.5;
				LD_RUNPATH_SEARCH_PATHS = (
					"$(inherited)",
					"@executable_path/Frameworks",
				);
				MARKETING_VERSION = 1.0;
				PRODUCT_BUNDLE_IDENTIFIER = "ac.tau.avishays.Set-1-0";
				PRODUCT_NAME = "Set 1.0";
				SDKROOT = iphoneos;
				SWIFT_EMIT_LOC_STRINGS = YES;
				SWIFT_VERSION = 5.0;
				TARGETED_DEVICE_FAMILY = "1,2";
				VALIDATE_PRODUCT = YES;
			};
			name = Release;
		};
		6268BF8E28C8E2D3002312CF /* Debug */ = {
			isa = XCBuildConfiguration;
			buildSettings = {
				ASSETCATALOG_COMPILER_APPICON_NAME = AppIcon;
				ASSETCATALOG_COMPILER_GLOBAL_ACCENT_COLOR_NAME = AccentColor;
				CODE_SIGN_ENTITLEMENTS = macOS/macOS.entitlements;
				CODE_SIGN_STYLE = Automatic;
				COMBINE_HIDPI_IMAGES = YES;
				CURRENT_PROJECT_VERSION = 1;
				DEVELOPMENT_TEAM = 8GV7R695JL;
				ENABLE_HARDENED_RUNTIME = YES;
				ENABLE_PREVIEWS = YES;
				GENERATE_INFOPLIST_FILE = YES;
				INFOPLIST_KEY_NSHumanReadableCopyright = "";
				LD_RUNPATH_SEARCH_PATHS = (
					"$(inherited)",
					"@executable_path/../Frameworks",
				);
				MACOSX_DEPLOYMENT_TARGET = 12.3;
				MARKETING_VERSION = 1.0;
				PRODUCT_BUNDLE_IDENTIFIER = "ac.tau.avishays.Set-1-0";
				PRODUCT_NAME = "Set 1.0";
				SDKROOT = macosx;
				SWIFT_EMIT_LOC_STRINGS = YES;
				SWIFT_VERSION = 5.0;
			};
			name = Debug;
		};
		6268BF8F28C8E2D3002312CF /* Release */ = {
			isa = XCBuildConfiguration;
			buildSettings = {
				ASSETCATALOG_COMPILER_APPICON_NAME = AppIcon;
				ASSETCATALOG_COMPILER_GLOBAL_ACCENT_COLOR_NAME = AccentColor;
				CODE_SIGN_ENTITLEMENTS = macOS/macOS.entitlements;
				CODE_SIGN_STYLE = Automatic;
				COMBINE_HIDPI_IMAGES = YES;
				CURRENT_PROJECT_VERSION = 1;
				DEVELOPMENT_TEAM = 8GV7R695JL;
				ENABLE_HARDENED_RUNTIME = YES;
				ENABLE_PREVIEWS = YES;
				GENERATE_INFOPLIST_FILE = YES;
				INFOPLIST_KEY_NSHumanReadableCopyright = "";
				LD_RUNPATH_SEARCH_PATHS = (
					"$(inherited)",
					"@executable_path/../Frameworks",
				);
				MACOSX_DEPLOYMENT_TARGET = 12.3;
				MARKETING_VERSION = 1.0;
				PRODUCT_BUNDLE_IDENTIFIER = "ac.tau.avishays.Set-1-0";
				PRODUCT_NAME = "Set 1.0";
				SDKROOT = macosx;
				SWIFT_EMIT_LOC_STRINGS = YES;
				SWIFT_VERSION = 5.0;
			};
			name = Release;
		};
		62D2BBBF2893FED700D4118C /* Debug */ = {
			isa = XCBuildConfiguration;
			buildSettings = {
				ALWAYS_SEARCH_USER_PATHS = NO;
				CLANG_ANALYZER_NONNULL = YES;
				CLANG_ANALYZER_NUMBER_OBJECT_CONVERSION = YES_AGGRESSIVE;
				CLANG_CXX_LANGUAGE_STANDARD = "gnu++17";
				CLANG_ENABLE_MODULES = YES;
				CLANG_ENABLE_OBJC_ARC = YES;
				CLANG_ENABLE_OBJC_WEAK = YES;
				CLANG_WARN_BLOCK_CAPTURE_AUTORELEASING = YES;
				CLANG_WARN_BOOL_CONVERSION = YES;
				CLANG_WARN_COMMA = YES;
				CLANG_WARN_CONSTANT_CONVERSION = YES;
				CLANG_WARN_DEPRECATED_OBJC_IMPLEMENTATIONS = YES;
				CLANG_WARN_DIRECT_OBJC_ISA_USAGE = YES_ERROR;
				CLANG_WARN_DOCUMENTATION_COMMENTS = YES;
				CLANG_WARN_EMPTY_BODY = YES;
				CLANG_WARN_ENUM_CONVERSION = YES;
				CLANG_WARN_INFINITE_RECURSION = YES;
				CLANG_WARN_INT_CONVERSION = YES;
				CLANG_WARN_NON_LITERAL_NULL_CONVERSION = YES;
				CLANG_WARN_OBJC_IMPLICIT_RETAIN_SELF = YES;
				CLANG_WARN_OBJC_LITERAL_CONVERSION = YES;
				CLANG_WARN_OBJC_ROOT_CLASS = YES_ERROR;
				CLANG_WARN_QUOTED_INCLUDE_IN_FRAMEWORK_HEADER = YES;
				CLANG_WARN_RANGE_LOOP_ANALYSIS = YES;
				CLANG_WARN_STRICT_PROTOTYPES = YES;
				CLANG_WARN_SUSPICIOUS_MOVE = YES;
				CLANG_WARN_UNGUARDED_AVAILABILITY = YES_AGGRESSIVE;
				CLANG_WARN_UNREACHABLE_CODE = YES;
				CLANG_WARN__DUPLICATE_METHOD_MATCH = YES;
				COPY_PHASE_STRIP = NO;
				DEBUG_INFORMATION_FORMAT = dwarf;
				ENABLE_STRICT_OBJC_MSGSEND = YES;
				ENABLE_TESTABILITY = YES;
				GCC_C_LANGUAGE_STANDARD = gnu11;
				GCC_DYNAMIC_NO_PIC = NO;
				GCC_NO_COMMON_BLOCKS = YES;
				GCC_OPTIMIZATION_LEVEL = 0;
				GCC_PREPROCESSOR_DEFINITIONS = (
					"DEBUG=1",
					"$(inherited)",
				);
				GCC_WARN_64_TO_32_BIT_CONVERSION = YES;
				GCC_WARN_ABOUT_RETURN_TYPE = YES_ERROR;
				GCC_WARN_UNDECLARED_SELECTOR = YES;
				GCC_WARN_UNINITIALIZED_AUTOS = YES_AGGRESSIVE;
				GCC_WARN_UNUSED_FUNCTION = YES;
				GCC_WARN_UNUSED_VARIABLE = YES;
				IPHONEOS_DEPLOYMENT_TARGET = 15.5;
				MTL_ENABLE_DEBUG_INFO = INCLUDE_SOURCE;
				MTL_FAST_MATH = YES;
				ONLY_ACTIVE_ARCH = YES;
				SDKROOT = iphoneos;
				SWIFT_ACTIVE_COMPILATION_CONDITIONS = DEBUG;
				SWIFT_OPTIMIZATION_LEVEL = "-Onone";
			};
			name = Debug;
		};
		62D2BBC02893FED700D4118C /* Release */ = {
			isa = XCBuildConfiguration;
			buildSettings = {
				ALWAYS_SEARCH_USER_PATHS = NO;
				CLANG_ANALYZER_NONNULL = YES;
				CLANG_ANALYZER_NUMBER_OBJECT_CONVERSION = YES_AGGRESSIVE;
				CLANG_CXX_LANGUAGE_STANDARD = "gnu++17";
				CLANG_ENABLE_MODULES = YES;
				CLANG_ENABLE_OBJC_ARC = YES;
				CLANG_ENABLE_OBJC_WEAK = YES;
				CLANG_WARN_BLOCK_CAPTURE_AUTORELEASING = YES;
				CLANG_WARN_BOOL_CONVERSION = YES;
				CLANG_WARN_COMMA = YES;
				CLANG_WARN_CONSTANT_CONVERSION = YES;
				CLANG_WARN_DEPRECATED_OBJC_IMPLEMENTATIONS = YES;
				CLANG_WARN_DIRECT_OBJC_ISA_USAGE = YES_ERROR;
				CLANG_WARN_DOCUMENTATION_COMMENTS = YES;
				CLANG_WARN_EMPTY_BODY = YES;
				CLANG_WARN_ENUM_CONVERSION = YES;
				CLANG_WARN_INFINITE_RECURSION = YES;
				CLANG_WARN_INT_CONVERSION = YES;
				CLANG_WARN_NON_LITERAL_NULL_CONVERSION = YES;
				CLANG_WARN_OBJC_IMPLICIT_RETAIN_SELF = YES;
				CLANG_WARN_OBJC_LITERAL_CONVERSION = YES;
				CLANG_WARN_OBJC_ROOT_CLASS = YES_ERROR;
				CLANG_WARN_QUOTED_INCLUDE_IN_FRAMEWORK_HEADER = YES;
				CLANG_WARN_RANGE_LOOP_ANALYSIS = YES;
				CLANG_WARN_STRICT_PROTOTYPES = YES;
				CLANG_WARN_SUSPICIOUS_MOVE = YES;
				CLANG_WARN_UNGUARDED_AVAILABILITY = YES_AGGRESSIVE;
				CLANG_WARN_UNREACHABLE_CODE = YES;
				CLANG_WARN__DUPLICATE_METHOD_MATCH = YES;
				COPY_PHASE_STRIP = NO;
				DEBUG_INFORMATION_FORMAT = "dwarf-with-dsym";
				ENABLE_NS_ASSERTIONS = NO;
				ENABLE_STRICT_OBJC_MSGSEND = YES;
				GCC_C_LANGUAGE_STANDARD = gnu11;
				GCC_NO_COMMON_BLOCKS = YES;
				GCC_WARN_64_TO_32_BIT_CONVERSION = YES;
				GCC_WARN_ABOUT_RETURN_TYPE = YES_ERROR;
				GCC_WARN_UNDECLARED_SELECTOR = YES;
				GCC_WARN_UNINITIALIZED_AUTOS = YES_AGGRESSIVE;
				GCC_WARN_UNUSED_FUNCTION = YES;
				GCC_WARN_UNUSED_VARIABLE = YES;
				IPHONEOS_DEPLOYMENT_TARGET = 15.5;
				MTL_ENABLE_DEBUG_INFO = NO;
				MTL_FAST_MATH = YES;
				SDKROOT = iphoneos;
				SWIFT_COMPILATION_MODE = wholemodule;
				SWIFT_OPTIMIZATION_LEVEL = "-O";
				VALIDATE_PRODUCT = YES;
			};
			name = Release;
		};
		62D2BBC22893FED700D4118C /* Debug */ = {
			isa = XCBuildConfiguration;
			buildSettings = {
				ASSETCATALOG_COMPILER_APPICON_NAME = AppIcon;
				ASSETCATALOG_COMPILER_GLOBAL_ACCENT_COLOR_NAME = AccentColor;
				CODE_SIGN_STYLE = Automatic;
				CURRENT_PROJECT_VERSION = 1;
				DEVELOPMENT_ASSET_PATHS = "\"Set/Preview Content\"";
				DEVELOPMENT_TEAM = 8GV7R695JL;
				ENABLE_PREVIEWS = YES;
				GENERATE_INFOPLIST_FILE = YES;
				INFOPLIST_FILE = Set/Info.plist;
				INFOPLIST_KEY_CFBundleDisplayName = "Set 1.0";
				INFOPLIST_KEY_UIApplicationSceneManifest_Generation = YES;
				INFOPLIST_KEY_UIApplicationSupportsIndirectInputEvents = YES;
				INFOPLIST_KEY_UILaunchScreen_Generation = YES;
				INFOPLIST_KEY_UISupportedInterfaceOrientations_iPad = "UIInterfaceOrientationPortrait UIInterfaceOrientationPortraitUpsideDown UIInterfaceOrientationLandscapeLeft UIInterfaceOrientationLandscapeRight";
				INFOPLIST_KEY_UISupportedInterfaceOrientations_iPhone = "UIInterfaceOrientationPortrait UIInterfaceOrientationLandscapeLeft UIInterfaceOrientationLandscapeRight";
				IPHONEOS_DEPLOYMENT_TARGET = 15.5;
				LD_RUNPATH_SEARCH_PATHS = (
					"$(inherited)",
					"@executable_path/Frameworks",
				);
				MARKETING_VERSION = 1.0;
				PRODUCT_BUNDLE_IDENTIFIER = ac.tau.avishays.Set;
				PRODUCT_NAME = Set;
				SWIFT_EMIT_LOC_STRINGS = YES;
				SWIFT_VERSION = 5.0;
				TARGETED_DEVICE_FAMILY = 2;
			};
			name = Debug;
		};
		62D2BBC32893FED700D4118C /* Release */ = {
			isa = XCBuildConfiguration;
			buildSettings = {
				ASSETCATALOG_COMPILER_APPICON_NAME = AppIcon;
				ASSETCATALOG_COMPILER_GLOBAL_ACCENT_COLOR_NAME = AccentColor;
				CODE_SIGN_STYLE = Automatic;
				CURRENT_PROJECT_VERSION = 1;
				DEVELOPMENT_ASSET_PATHS = "\"Set/Preview Content\"";
				DEVELOPMENT_TEAM = 8GV7R695JL;
				ENABLE_PREVIEWS = YES;
				GENERATE_INFOPLIST_FILE = YES;
				INFOPLIST_FILE = Set/Info.plist;
				INFOPLIST_KEY_CFBundleDisplayName = "Set 1.0";
				INFOPLIST_KEY_UIApplicationSceneManifest_Generation = YES;
				INFOPLIST_KEY_UIApplicationSupportsIndirectInputEvents = YES;
				INFOPLIST_KEY_UILaunchScreen_Generation = YES;
				INFOPLIST_KEY_UISupportedInterfaceOrientations_iPad = "UIInterfaceOrientationPortrait UIInterfaceOrientationPortraitUpsideDown UIInterfaceOrientationLandscapeLeft UIInterfaceOrientationLandscapeRight";
				INFOPLIST_KEY_UISupportedInterfaceOrientations_iPhone = "UIInterfaceOrientationPortrait UIInterfaceOrientationLandscapeLeft UIInterfaceOrientationLandscapeRight";
				IPHONEOS_DEPLOYMENT_TARGET = 15.5;
				LD_RUNPATH_SEARCH_PATHS = (
					"$(inherited)",
					"@executable_path/Frameworks",
				);
				MARKETING_VERSION = 1.0;
				PRODUCT_BUNDLE_IDENTIFIER = ac.tau.avishays.Set;
				PRODUCT_NAME = Set;
				SWIFT_EMIT_LOC_STRINGS = YES;
				SWIFT_VERSION = 5.0;
				TARGETED_DEVICE_FAMILY = 2;
			};
			name = Release;
		};
/* End XCBuildConfiguration section */

/* Begin XCConfigurationList section */
		6268BF9028C8E2D3002312CF /* Build configuration list for PBXNativeTarget "Set 1.0 (iOS)" */ = {
			isa = XCConfigurationList;
			buildConfigurations = (
				6268BF8C28C8E2D3002312CF /* Debug */,
				6268BF8D28C8E2D3002312CF /* Release */,
			);
			defaultConfigurationIsVisible = 0;
			defaultConfigurationName = Release;
		};
		6268BF9128C8E2D3002312CF /* Build configuration list for PBXNativeTarget "Set 1.0 (macOS)" */ = {
			isa = XCConfigurationList;
			buildConfigurations = (
				6268BF8E28C8E2D3002312CF /* Debug */,
				6268BF8F28C8E2D3002312CF /* Release */,
			);
			defaultConfigurationIsVisible = 0;
			defaultConfigurationName = Release;
		};
		62D2BBAE2893FED600D4118C /* Build configuration list for PBXProject "Set" */ = {
			isa = XCConfigurationList;
			buildConfigurations = (
				62D2BBBF2893FED700D4118C /* Debug */,
				62D2BBC02893FED700D4118C /* Release */,
			);
			defaultConfigurationIsVisible = 0;
			defaultConfigurationName = Release;
		};
		62D2BBC12893FED700D4118C /* Build configuration list for PBXNativeTarget "Set" */ = {
			isa = XCConfigurationList;
			buildConfigurations = (
				62D2BBC22893FED700D4118C /* Debug */,
				62D2BBC32893FED700D4118C /* Release */,
			);
			defaultConfigurationIsVisible = 0;
			defaultConfigurationName = Release;
		};
/* End XCConfigurationList section */
	};
	rootObject = 62D2BBAB2893FED600D4118C /* Project object */;
}
